
Microsoft Visual Studio Solution File, Format Version 12.00
# Visual Studio Version 16
VisualStudioVersion = 16.0.30907.101
MinimumVisualStudioVersion = 10.0.40219.1
Project("{8BC9CEB8-8B4A-11D0-8D11-00A0C91BC942}") = "Covert_Myth", "Covert_Myth.vcxproj", "{CC62BC6C-6C03-45BA-98EB-38ADCCC4E7A1}"
EndProject
Global
	GlobalSection(SolutionConfigurationPlatforms) = preSolution
		Debug|x64 = Debug|x64
		Debug|x86 = Debug|x86
		Release|x64 = Release|x64
		Release|x86 = Release|x86
	EndGlobalSection
	GlobalSection(ProjectConfigurationPlatforms) = postSolution
		{CC62BC6C-6C03-45BA-98EB-38ADCCC4E7A1}.Debug|x64.ActiveCfg = Debug|x64
		{CC62BC6C-6C03-45BA-98EB-38ADCCC4E7A1}.Debug|x64.Build.0 = Debug|x64
		{CC62BC6C-6C03-45BA-98EB-38ADCCC4E7A1}.Debug|x86.ActiveCfg = Debug|Win32
		{CC62BC6C-6C03-45BA-98EB-38ADCCC4E7A1}.Debug|x86.Build.0 = Debug|Win32
		{CC62BC6C-6C03-45BA-98EB-38ADCCC4E7A1}.Release|x64.ActiveCfg = Release|x64
		{CC62BC6C-6C03-45BA-98EB-38ADCCC4E7A1}.Release|x64.Build.0 = Release|x64
		{CC62BC6C-6C03-45BA-98EB-38ADCCC4E7A1}.Release|x86.ActiveCfg = Release|Win32
		{CC62BC6C-6C03-45BA-98EB-38ADCCC4E7A1}.Release|x86.Build.0 = Release|Win32
	EndGlobalSection
	GlobalSection(SolutionProperties) = preSolution
		HideSolutionNode = FALSE
	EndGlobalSection
	GlobalSection(ExtensibilityGlobals) = postSolution
		SolutionGuid = {9DB037EC-703F-4434-9096-F86EFC4DCB5D}
	EndGlobalSection
EndGlobal
